{
  "name": "ethereum-sanction-check",
  "version": "1.0.0",
  "lockfileVersion": 2,
  "requires": true,
  "packages": {
    "": {
      "name": "ethereum-sanction-check",
      "version": "1.0.0",
      "license": "ISC",
      "dependencies": {
        "axios": "^0.27.2",
        "ethers": "^5.6.8"
      },
      "devDependencies": {
        "ethereum-sanction-check": "^1.0.0"
      }
    },
    "node_modules/@ethersproject/abi": {
      "version": "5.6.3",
      "funding": [
        {
          "type": "individual",
          "url": "https://gitcoin.co/grants/13/ethersjs-complete-simple-and-tiny-2"
        },
        {
          "type": "individual",
          "url": "https://www.buymeacoffee.com/ricmoo"
        }
      ],
      "license": "MIT",
      "dependencies": {
        "@ethersproject/address": "^5.6.1",
        "@ethersproject/bignumber": "^5.6.2",
        "@ethersproject/bytes": "^5.6.1",
        "@ethersproject/constants": "^5.6.1",
        "@ethersproject/hash": "^5.6.1",
        "@ethersproject/keccak256": "^5.6.1",
        "@ethersproject/logger": "^5.6.0",
        "@ethersproject/properties": "^5.6.0",
        "@ethersproject/strings": "^5.6.1"
      }
    },
    "node_modules/@ethersproject/abstract-provider": {
      "version": "5.6.1",
      "funding": [
        {
          "type": "individual",
          "url": "https://gitcoin.co/grants/13/ethersjs-complete-simple-and-tiny-2"
        },
        {
          "type": "individual",
          "url": "https://www.buymeacoffee.com/ricmoo"
        }
      ],
      "license": "MIT",
      "dependencies": {
        "@ethersproject/bignumber": "^5.6.2",
        "@ethersproject/bytes": "^5.6.1",
        "@ethersproject/logger": "^5.6.0",
        "@ethersproject/networks": "^5.6.3",
        "@ethersproject/properties": "^5.6.0",
        "@ethersproject/transactions": "^5.6.2",
        "@ethersproject/web": "^5.6.1"
      }
    },
    "node_modules/@ethersproject/abstract-signer": {
      "version": "5.6.2",
      "funding": [
        {
          "type": "individual",
          "url": "https://gitcoin.co/grants/13/ethersjs-complete-simple-and-tiny-2"
        },
        {
          "type": "individual",
          "url": "https://www.buymeacoffee.com/ricmoo"
        }
      ],
      "license": "MIT",
      "dependencies": {
        "@ethersproject/abstract-provider": "^5.6.1",
        "@ethersproject/bignumber": "^5.6.2",
        "@ethersproject/bytes": "^5.6.1",
        "@ethersproject/logger": "^5.6.0",
        "@ethersproject/properties": "^5.6.0"
      }
    },
    "node_modules/@ethersproject/address": {
      "version": "5.6.1",
      "funding": [
        {
          "type": "individual",
          "url": "https://gitcoin.co/grants/13/ethersjs-complete-simple-and-tiny-2"
        },
        {
          "type": "individual",
          "url": "https://www.buymeacoffee.com/ricmoo"
        }
      ],
      "license": "MIT",
      "dependencies": {
        "@ethersproject/bignumber": "^5.6.2",
        "@ethersproject/bytes": "^5.6.1",
        "@ethersproject/keccak256": "^5.6.1",
        "@ethersproject/logger": "^5.6.0",
        "@ethersproject/rlp": "^5.6.1"
      }
    },
    "node_modules/@ethersproject/base64": {
      "version": "5.6.1",
      "funding": [
        {
          "type": "individual",
          "url": "https://gitcoin.co/grants/13/ethersjs-complete-simple-and-tiny-2"
        },
        {
          "type": "individual",
          "url": "https://www.buymeacoffee.com/ricmoo"
        }
      ],
      "license": "MIT",
      "dependencies": {
        "@ethersproject/bytes": "^5.6.1"
      }
    },
    "node_modules/@ethersproject/basex": {
      "version": "5.6.1",
      "funding": [
        {
          "type": "individual",
          "url": "https://gitcoin.co/grants/13/ethersjs-complete-simple-and-tiny-2"
        },
        {
          "type": "individual",
          "url": "https://www.buymeacoffee.com/ricmoo"
        }
      ],
      "license": "MIT",
      "dependencies": {
        "@ethersproject/bytes": "^5.6.1",
        "@ethersproject/properties": "^5.6.0"
      }
    },
    "node_modules/@ethersproject/bignumber": {
      "version": "5.6.2",
      "funding": [
        {
          "type": "individual",
          "url": "https://gitcoin.co/grants/13/ethersjs-complete-simple-and-tiny-2"
        },
        {
          "type": "individual",
          "url": "https://www.buymeacoffee.com/ricmoo"
        }
      ],
      "license": "MIT",
      "dependencies": {
        "@ethersproject/bytes": "^5.6.1",
        "@ethersproject/logger": "^5.6.0",
        "bn.js": "^5.2.1"
      }
    },
    "node_modules/@ethersproject/bytes": {
      "version": "5.6.1",
      "funding": [
        {
          "type": "individual",
          "url": "https://gitcoin.co/grants/13/ethersjs-complete-simple-and-tiny-2"
        },
        {
          "type": "individual",
          "url": "https://www.buymeacoffee.com/ricmoo"
        }
      ],
      "license": "MIT",
      "dependencies": {
        "@ethersproject/logger": "^5.6.0"
      }
    },
    "node_modules/@ethersproject/constants": {
      "version": "5.6.1",
      "funding": [
        {
          "type": "individual",
          "url": "https://gitcoin.co/grants/13/ethersjs-complete-simple-and-tiny-2"
        },
        {
          "type": "individual",
          "url": "https://www.buymeacoffee.com/ricmoo"
        }
      ],
      "license": "MIT",
      "dependencies": {
        "@ethersproject/bignumber": "^5.6.2"
      }
    },
    "node_modules/@ethersproject/contracts": {
      "version": "5.6.2",
      "funding": [
        {
          "type": "individual",
          "url": "https://gitcoin.co/grants/13/ethersjs-complete-simple-and-tiny-2"
        },
        {
          "type": "individual",
          "url": "https://www.buymeacoffee.com/ricmoo"
        }
      ],
      "license": "MIT",
      "dependencies": {
        "@ethersproject/abi": "^5.6.3",
        "@ethersproject/abstract-provider": "^5.6.1",
        "@ethersproject/abstract-signer": "^5.6.2",
        "@ethersproject/address": "^5.6.1",
        "@ethersproject/bignumber": "^5.6.2",
        "@ethersproject/bytes": "^5.6.1",
        "@ethersproject/constants": "^5.6.1",
        "@ethersproject/logger": "^5.6.0",
        "@ethersproject/properties": "^5.6.0",
        "@ethersproject/transactions": "^5.6.2"
      }
    },
    "node_modules/@ethersproject/hash": {
      "version": "5.6.1",
      "funding": [
        {
          "type": "individual",
          "url": "https://gitcoin.co/grants/13/ethersjs-complete-simple-and-tiny-2"
        },
        {
          "type": "individual",
          "url": "https://www.buymeacoffee.com/ricmoo"
        }
      ],
      "license": "MIT",
      "dependencies": {
        "@ethersproject/abstract-signer": "^5.6.2",
        "@ethersproject/address": "^5.6.1",
        "@ethersproject/bignumber": "^5.6.2",
        "@ethersproject/bytes": "^5.6.1",
        "@ethersproject/keccak256": "^5.6.1",
        "@ethersproject/logger": "^5.6.0",
        "@ethersproject/properties": "^5.6.0",
        "@ethersproject/strings": "^5.6.1"
      }
    },
    "node_modules/@ethersproject/hdnode": {
      "version": "5.6.2",
      "funding": [
        {
          "type": "individual",
          "url": "https://gitcoin.co/grants/13/ethersjs-complete-simple-and-tiny-2"
        },
        {
          "type": "individual",
          "url": "https://www.buymeacoffee.com/ricmoo"
        }
      ],
      "license": "MIT",
      "dependencies": {
        "@ethersproject/abstract-signer": "^5.6.2",
        "@ethersproject/basex": "^5.6.1",
        "@ethersproject/bignumber": "^5.6.2",
        "@ethersproject/bytes": "^5.6.1",
        "@ethersproject/logger": "^5.6.0",
        "@ethersproject/pbkdf2": "^5.6.1",
        "@ethersproject/properties": "^5.6.0",
        "@ethersproject/sha2": "^5.6.1",
        "@ethersproject/signing-key": "^5.6.2",
        "@ethersproject/strings": "^5.6.1",
        "@ethersproject/transactions": "^5.6.2",
        "@ethersproject/wordlists": "^5.6.1"
      }
    },
    "node_modules/@ethersproject/json-wallets": {
      "version": "5.6.1",
      "funding": [
        {
          "type": "individual",
          "url": "https://gitcoin.co/grants/13/ethersjs-complete-simple-and-tiny-2"
        },
        {
          "type": "individual",
          "url": "https://www.buymeacoffee.com/ricmoo"
        }
      ],
      "license": "MIT",
      "dependencies": {
        "@ethersproject/abstract-signer": "^5.6.2",
        "@ethersproject/address": "^5.6.1",
        "@ethersproject/bytes": "^5.6.1",
        "@ethersproject/hdnode": "^5.6.2",
        "@ethersproject/keccak256": "^5.6.1",
        "@ethersproject/logger": "^5.6.0",
        "@ethersproject/pbkdf2": "^5.6.1",
        "@ethersproject/properties": "^5.6.0",
        "@ethersproject/random": "^5.6.1",
        "@ethersproject/strings": "^5.6.1",
        "@ethersproject/transactions": "^5.6.2",
        "aes-js": "3.0.0",
        "scrypt-js": "3.0.1"
      }
    },
    "node_modules/@ethersproject/keccak256": {
      "version": "5.6.1",
      "funding": [
        {
          "type": "individual",
          "url": "https://gitcoin.co/grants/13/ethersjs-complete-simple-and-tiny-2"
        },
        {
          "type": "individual",
          "url": "https://www.buymeacoffee.com/ricmoo"
        }
      ],
      "license": "MIT",
      "dependencies": {
        "@ethersproject/bytes": "^5.6.1",
        "js-sha3": "0.8.0"
      }
    },
    "node_modules/@ethersproject/logger": {
      "version": "5.6.0",
      "funding": [
        {
          "type": "individual",
          "url": "https://gitcoin.co/grants/13/ethersjs-complete-simple-and-tiny-2"
        },
        {
          "type": "individual",
          "url": "https://www.buymeacoffee.com/ricmoo"
        }
      ],
      "license": "MIT"
    },
    "node_modules/@ethersproject/networks": {
      "version": "5.6.3",
      "funding": [
        {
          "type": "individual",
          "url": "https://gitcoin.co/grants/13/ethersjs-complete-simple-and-tiny-2"
        },
        {
          "type": "individual",
          "url": "https://www.buymeacoffee.com/ricmoo"
        }
      ],
      "license": "MIT",
      "dependencies": {
        "@ethersproject/logger": "^5.6.0"
      }
    },
    "node_modules/@ethersproject/pbkdf2": {
      "version": "5.6.1",
      "funding": [
        {
          "type": "individual",
          "url": "https://gitcoin.co/grants/13/ethersjs-complete-simple-and-tiny-2"
        },
        {
          "type": "individual",
          "url": "https://www.buymeacoffee.com/ricmoo"
        }
      ],
      "license": "MIT",
      "dependencies": {
        "@ethersproject/bytes": "^5.6.1",
        "@ethersproject/sha2": "^5.6.1"
      }
    },
    "node_modules/@ethersproject/properties": {
      "version": "5.6.0",
      "funding": [
        {
          "type": "individual",
          "url": "https://gitcoin.co/grants/13/ethersjs-complete-simple-and-tiny-2"
        },
        {
          "type": "individual",
          "url": "https://www.buymeacoffee.com/ricmoo"
        }
      ],
      "license": "MIT",
      "dependencies": {
        "@ethersproject/logger": "^5.6.0"
      }
    },
    "node_modules/@ethersproject/providers": {
      "version": "5.6.8",
      "funding": [
        {
          "type": "individual",
          "url": "https://gitcoin.co/grants/13/ethersjs-complete-simple-and-tiny-2"
        },
        {
          "type": "individual",
          "url": "https://www.buymeacoffee.com/ricmoo"
        }
      ],
      "license": "MIT",
      "dependencies": {
        "@ethersproject/abstract-provider": "^5.6.1",
        "@ethersproject/abstract-signer": "^5.6.2",
        "@ethersproject/address": "^5.6.1",
        "@ethersproject/base64": "^5.6.1",
        "@ethersproject/basex": "^5.6.1",
        "@ethersproject/bignumber": "^5.6.2",
        "@ethersproject/bytes": "^5.6.1",
        "@ethersproject/constants": "^5.6.1",
        "@ethersproject/hash": "^5.6.1",
        "@ethersproject/logger": "^5.6.0",
        "@ethersproject/networks": "^5.6.3",
        "@ethersproject/properties": "^5.6.0",
        "@ethersproject/random": "^5.6.1",
        "@ethersproject/rlp": "^5.6.1",
        "@ethersproject/sha2": "^5.6.1",
        "@ethersproject/strings": "^5.6.1",
        "@ethersproject/transactions": "^5.6.2",
        "@ethersproject/web": "^5.6.1",
        "bech32": "1.1.4",
        "ws": "7.4.6"
      }
    },
    "node_modules/@ethersproject/random": {
      "version": "5.6.1",
      "funding": [
        {
          "type": "individual",
          "url": "https://gitcoin.co/grants/13/ethersjs-complete-simple-and-tiny-2"
        },
        {
          "type": "individual",
          "url": "https://www.buymeacoffee.com/ricmoo"
        }
      ],
      "license": "MIT",
      "dependencies": {
        "@ethersproject/bytes": "^5.6.1",
        "@ethersproject/logger": "^5.6.0"
      }
    },
    "node_modules/@ethersproject/rlp": {
      "version": "5.6.1",
      "funding": [
        {
          "type": "individual",
          "url": "https://gitcoin.co/grants/13/ethersjs-complete-simple-and-tiny-2"
        },
        {
          "type": "individual",
          "url": "https://www.buymeacoffee.com/ricmoo"
        }
      ],
      "license": "MIT",
      "dependencies": {
        "@ethersproject/bytes": "^5.6.1",
        "@ethersproject/logger": "^5.6.0"
      }
    },
    "node_modules/@ethersproject/sha2": {
      "version": "5.6.1",
      "funding": [
        {
          "type": "individual",
          "url": "https://gitcoin.co/grants/13/ethersjs-complete-simple-and-tiny-2"
        },
        {
          "type": "individual",
          "url": "https://www.buymeacoffee.com/ricmoo"
        }
      ],
      "license": "MIT",
      "dependencies": {
        "@ethersproject/bytes": "^5.6.1",
        "@ethersproject/logger": "^5.6.0",
        "hash.js": "1.1.7"
      }
    },
    "node_modules/@ethersproject/signing-key": {
      "version": "5.6.2",
      "funding": [
        {
          "type": "individual",
          "url": "https://gitcoin.co/grants/13/ethersjs-complete-simple-and-tiny-2"
        },
        {
          "type": "individual",
          "url": "https://www.buymeacoffee.com/ricmoo"
        }
      ],
      "license": "MIT",
      "dependencies": {
        "@ethersproject/bytes": "^5.6.1",
        "@ethersproject/logger": "^5.6.0",
        "@ethersproject/properties": "^5.6.0",
        "bn.js": "^5.2.1",
        "elliptic": "6.5.4",
        "hash.js": "1.1.7"
      }
    },
    "node_modules/@ethersproject/solidity": {
      "version": "5.6.1",
      "funding": [
        {
          "type": "individual",
          "url": "https://gitcoin.co/grants/13/ethersjs-complete-simple-and-tiny-2"
        },
        {
          "type": "individual",
          "url": "https://www.buymeacoffee.com/ricmoo"
        }
      ],
      "license": "MIT",
      "dependencies": {
        "@ethersproject/bignumber": "^5.6.2",
        "@ethersproject/bytes": "^5.6.1",
        "@ethersproject/keccak256": "^5.6.1",
        "@ethersproject/logger": "^5.6.0",
        "@ethersproject/sha2": "^5.6.1",
        "@ethersproject/strings": "^5.6.1"
      }
    },
    "node_modules/@ethersproject/strings": {
      "version": "5.6.1",
      "funding": [
        {
          "type": "individual",
          "url": "https://gitcoin.co/grants/13/ethersjs-complete-simple-and-tiny-2"
        },
        {
          "type": "individual",
          "url": "https://www.buymeacoffee.com/ricmoo"
        }
      ],
      "license": "MIT",
      "dependencies": {
        "@ethersproject/bytes": "^5.6.1",
        "@ethersproject/constants": "^5.6.1",
        "@ethersproject/logger": "^5.6.0"
      }
    },
    "node_modules/@ethersproject/transactions": {
      "version": "5.6.2",
      "funding": [
        {
          "type": "individual",
          "url": "https://gitcoin.co/grants/13/ethersjs-complete-simple-and-tiny-2"
        },
        {
          "type": "individual",
          "url": "https://www.buymeacoffee.com/ricmoo"
        }
      ],
      "license": "MIT",
      "dependencies": {
        "@ethersproject/address": "^5.6.1",
        "@ethersproject/bignumber": "^5.6.2",
        "@ethersproject/bytes": "^5.6.1",
        "@ethersproject/constants": "^5.6.1",
        "@ethersproject/keccak256": "^5.6.1",
        "@ethersproject/logger": "^5.6.0",
        "@ethersproject/properties": "^5.6.0",
        "@ethersproject/rlp": "^5.6.1",
        "@ethersproject/signing-key": "^5.6.2"
      }
    },
    "node_modules/@ethersproject/units": {
      "version": "5.6.1",
      "funding": [
        {
          "type": "individual",
          "url": "https://gitcoin.co/grants/13/ethersjs-complete-simple-and-tiny-2"
        },
        {
          "type": "individual",
          "url": "https://www.buymeacoffee.com/ricmoo"
        }
      ],
      "license": "MIT",
      "dependencies": {
        "@ethersproject/bignumber": "^5.6.2",
        "@ethersproject/constants": "^5.6.1",
        "@ethersproject/logger": "^5.6.0"
      }
    },
    "node_modules/@ethersproject/wallet": {
      "version": "5.6.2",
      "funding": [
        {
          "type": "individual",
          "url": "https://gitcoin.co/grants/13/ethersjs-complete-simple-and-tiny-2"
        },
        {
          "type": "individual",
          "url": "https://www.buymeacoffee.com/ricmoo"
        }
      ],
      "license": "MIT",
      "dependencies": {
        "@ethersproject/abstract-provider": "^5.6.1",
        "@ethersproject/abstract-signer": "^5.6.2",
        "@ethersproject/address": "^5.6.1",
        "@ethersproject/bignumber": "^5.6.2",
        "@ethersproject/bytes": "^5.6.1",
        "@ethersproject/hash": "^5.6.1",
        "@ethersproject/hdnode": "^5.6.2",
        "@ethersproject/json-wallets": "^5.6.1",
        "@ethersproject/keccak256": "^5.6.1",
        "@ethersproject/logger": "^5.6.0",
        "@ethersproject/properties": "^5.6.0",
        "@ethersproject/random": "^5.6.1",
        "@ethersproject/signing-key": "^5.6.2",
        "@ethersproject/transactions": "^5.6.2",
        "@ethersproject/wordlists": "^5.6.1"
      }
    },
    "node_modules/@ethersproject/web": {
      "version": "5.6.1",
      "funding": [
        {
          "type": "individual",
          "url": "https://gitcoin.co/grants/13/ethersjs-complete-simple-and-tiny-2"
        },
        {
          "type": "individual",
          "url": "https://www.buymeacoffee.com/ricmoo"
        }
      ],
      "license": "MIT",
      "dependencies": {
        "@ethersproject/base64": "^5.6.1",
        "@ethersproject/bytes": "^5.6.1",
        "@ethersproject/logger": "^5.6.0",
        "@ethersproject/properties": "^5.6.0",
        "@ethersproject/strings": "^5.6.1"
      }
    },
    "node_modules/@ethersproject/wordlists": {
      "version": "5.6.1",
      "funding": [
        {
          "type": "individual",
          "url": "https://gitcoin.co/grants/13/ethersjs-complete-simple-and-tiny-2"
        },
        {
          "type": "individual",
          "url": "https://www.buymeacoffee.com/ricmoo"
        }
      ],
      "license": "MIT",
      "dependencies": {
        "@ethersproject/bytes": "^5.6.1",
        "@ethersproject/hash": "^5.6.1",
        "@ethersproject/logger": "^5.6.0",
        "@ethersproject/properties": "^5.6.0",
        "@ethersproject/strings": "^5.6.1"
      }
    },
    "node_modules/aes-js": {
      "version": "3.0.0",
      "license": "MIT"
    },
    "node_modules/asynckit": {
      "version": "0.4.0",
      "resolved": "https://registry.npmjs.org/asynckit/-/asynckit-0.4.0.tgz",
      "integrity": "sha512-Oei9OH4tRh0YqU3GxhX79dM/mwVgvbZJaSNaRk+bshkj0S5cfHcgYakreBjrHwatXKbz+IoIdYLxrKim2MjW0Q=="
    },
    "node_modules/axios": {
      "version": "0.27.2",
      "resolved": "https://registry.npmjs.org/axios/-/axios-0.27.2.tgz",
      "integrity": "sha512-t+yRIyySRTp/wua5xEr+z1q60QmLq8ABsS5O9Me1AsE5dfKqgnCFzwiCZZ/cGNd1lq4/7akDWMxdhVlucjmnOQ==",
      "dependencies": {
        "follow-redirects": "^1.14.9",
        "form-data": "^4.0.0"
      }
    },
    "node_modules/bech32": {
      "version": "1.1.4",
      "license": "MIT"
    },
    "node_modules/bn.js": {
      "version": "5.2.1",
      "license": "MIT"
    },
    "node_modules/brorand": {
      "version": "1.1.0",
      "license": "MIT"
    },
    "node_modules/combined-stream": {
      "version": "1.0.8",
      "resolved": "https://registry.npmjs.org/combined-stream/-/combined-stream-1.0.8.tgz",
      "integrity": "sha512-FQN4MRfuJeHf7cBbBMJFXhKSDq+2kAArBlmRBvcvFE5BB1HZKXtSFASDhdlz9zOYwxh8lDdnvmMOe/+5cdoEdg==",
      "dependencies": {
        "delayed-stream": "~1.0.0"
      },
      "engines": {
        "node": ">= 0.8"
      }
    },
    "node_modules/delayed-stream": {
      "version": "1.0.0",
      "resolved": "https://registry.npmjs.org/delayed-stream/-/delayed-stream-1.0.0.tgz",
      "integrity": "sha1-3zrhmayt+31ECqrgsp4icrJOxhk=",
      "engines": {
        "node": ">=0.4.0"
      }
    },
    "node_modules/elliptic": {
      "version": "6.5.4",
      "license": "MIT",
      "dependencies": {
        "bn.js": "^4.11.9",
        "brorand": "^1.1.0",
        "hash.js": "^1.0.0",
        "hmac-drbg": "^1.0.1",
        "inherits": "^2.0.4",
        "minimalistic-assert": "^1.0.1",
        "minimalistic-crypto-utils": "^1.0.1"
      }
    },
    "node_modules/elliptic/node_modules/bn.js": {
      "version": "4.12.0",
      "license": "MIT"
    },
    "node_modules/ethereum-sanction-check": {
      "version": "1.0.0",
      "resolved": "https://registry.npmjs.org/ethereum-sanction-check/-/ethereum-sanction-check-1.0.0.tgz",
      "integrity": "sha512-K3+Lhk/S1ieZ+KiFtzp3DznEHGZgecFL8k/o7GNXGQs16MeZR1kk5SEHaJW4RyqQkUspQmlNk9Gknz8idZFhrw==",
      "dev": true,
      "dependencies": {
        "axios": "^0.27.2",
        "ethers": "^5.6.8"
      }
    },
    "node_modules/ethers": {
      "version": "5.6.8",
      "resolved": "https://registry.npmjs.org/ethers/-/ethers-5.6.8.tgz",
      "integrity": "sha512-YxIGaltAOdvBFPZwIkyHnXbW40f1r8mHUgapW6dxkO+6t7H6wY8POUn0Kbxrd/N7I4hHxyi7YCddMAH/wmho2w==",
      "funding": [
        {
          "type": "individual",
          "url": "https://gitcoin.co/grants/13/ethersjs-complete-simple-and-tiny-2"
        },
        {
          "type": "individual",
          "url": "https://www.buymeacoffee.com/ricmoo"
        }
      ],
      "dependencies": {
        "@ethersproject/abi": "5.6.3",
        "@ethersproject/abstract-provider": "5.6.1",
        "@ethersproject/abstract-signer": "5.6.2",
        "@ethersproject/address": "5.6.1",
        "@ethersproject/base64": "5.6.1",
        "@ethersproject/basex": "5.6.1",
        "@ethersproject/bignumber": "5.6.2",
        "@ethersproject/bytes": "5.6.1",
        "@ethersproject/constants": "5.6.1",
        "@ethersproject/contracts": "5.6.2",
        "@ethersproject/hash": "5.6.1",
        "@ethersproject/hdnode": "5.6.2",
        "@ethersproject/json-wallets": "5.6.1",
        "@ethersproject/keccak256": "5.6.1",
        "@ethersproject/logger": "5.6.0",
        "@ethersproject/networks": "5.6.3",
        "@ethersproject/pbkdf2": "5.6.1",
        "@ethersproject/properties": "5.6.0",
        "@ethersproject/providers": "5.6.8",
        "@ethersproject/random": "5.6.1",
        "@ethersproject/rlp": "5.6.1",
        "@ethersproject/sha2": "5.6.1",
        "@ethersproject/signing-key": "5.6.2",
        "@ethersproject/solidity": "5.6.1",
        "@ethersproject/strings": "5.6.1",
        "@ethersproject/transactions": "5.6.2",
        "@ethersproject/units": "5.6.1",
        "@ethersproject/wallet": "5.6.2",
        "@ethersproject/web": "5.6.1",
        "@ethersproject/wordlists": "5.6.1"
      }
    },
    "node_modules/follow-redirects": {
      "version": "1.15.1",
      "resolved": "https://registry.npmjs.org/follow-redirects/-/follow-redirects-1.15.1.tgz",
      "integrity": "sha512-yLAMQs+k0b2m7cVxpS1VKJVvoz7SS9Td1zss3XRwXj+ZDH00RJgnuLx7E44wx02kQLrdM3aOOy+FpzS7+8OizA==",
      "funding": [
        {
          "type": "individual",
          "url": "https://github.com/sponsors/RubenVerborgh"
        }
      ],
      "engines": {
        "node": ">=4.0"
      },
      "peerDependenciesMeta": {
        "debug": {
          "optional": true
        }
      }
    },
    "node_modules/form-data": {
      "version": "4.0.0",
      "resolved": "https://registry.npmjs.org/form-data/-/form-data-4.0.0.tgz",
      "integrity": "sha512-ETEklSGi5t0QMZuiXoA/Q6vcnxcLQP5vdugSpuAyi6SVGi2clPPp+xgEhuMaHC+zGgn31Kd235W35f7Hykkaww==",
      "dependencies": {
        "asynckit": "^0.4.0",
        "combined-stream": "^1.0.8",
        "mime-types": "^2.1.12"
      },
      "engines": {
        "node": ">= 6"
      }
    },
    "node_modules/hash.js": {
      "version": "1.1.7",
      "license": "MIT",
      "dependencies": {
        "inherits": "^2.0.3",
        "minimalistic-assert": "^1.0.1"
      }
    },
    "node_modules/hmac-drbg": {
      "version": "1.0.1",
      "license": "MIT",
      "dependencies": {
        "hash.js": "^1.0.3",
        "minimalistic-assert": "^1.0.0",
        "minimalistic-crypto-utils": "^1.0.1"
      }
    },
    "node_modules/inherits": {
      "version": "2.0.4",
      "license": "ISC"
    },
    "node_modules/js-sha3": {
      "version": "0.8.0",
      "license": "MIT"
    },
    "node_modules/mime-db": {
      "version": "1.52.0",
      "resolved": "https://registry.npmjs.org/mime-db/-/mime-db-1.52.0.tgz",
      "integrity": "sha512-sPU4uV7dYlvtWJxwwxHD0PuihVNiE7TyAbQ5SWxDCB9mUYvOgroQOwYQQOKPJ8CIbE+1ETVlOoK1UC2nU3gYvg==",
      "engines": {
        "node": ">= 0.6"
      }
    },
    "node_modules/mime-types": {
      "version": "2.1.35",
      "resolved": "https://registry.npmjs.org/mime-types/-/mime-types-2.1.35.tgz",
      "integrity": "sha512-ZDY+bPm5zTTF+YpCrAU9nK0UgICYPT0QtT1NZWFv4s++TNkcgVaT0g6+4R2uI4MjQjzysHB1zxuWL50hzaeXiw==",
      "dependencies": {
        "mime-db": "1.52.0"
      },
      "engines": {
        "node": ">= 0.6"
      }
    },
    "node_modules/minimalistic-assert": {
      "version": "1.0.1",
      "license": "ISC"
    },
    "node_modules/minimalistic-crypto-utils": {
      "version": "1.0.1",
      "license": "MIT"
    },
    "node_modules/scrypt-js": {
      "version": "3.0.1",
      "license": "MIT"
    },
    "node_modules/ws": {
      "version": "7.4.6",
      "license": "MIT",
      "engines": {
        "node": ">=8.3.0"
      },
      "peerDependencies": {
        "bufferutil": "^4.0.1",
        "utf-8-validate": "^5.0.2"
      },
      "peerDependenciesMeta": {
        "bufferutil": {
          "optional": true
        },
        "utf-8-validate": {
          "optional": true
        }
      }
    }
  },
  "dependencies": {
    "@ethersproject/abi": {
      "version": "5.6.3",
      "requires": {
        "@ethersproject/address": "^5.6.1",
        "@ethersproject/bignumber": "^5.6.2",
        "@ethersproject/bytes": "^5.6.1",
        "@ethersproject/constants": "^5.6.1",
        "@ethersproject/hash": "^5.6.1",
        "@ethersproject/keccak256": "^5.6.1",
        "@ethersproject/logger": "^5.6.0",
        "@ethersproject/properties": "^5.6.0",
        "@ethersproject/strings": "^5.6.1"
      }
    },
    "@ethersproject/abstract-provider": {
      "version": "5.6.1",
      "requires": {
        "@ethersproject/bignumber": "^5.6.2",
        "@ethersproject/bytes": "^5.6.1",
        "@ethersproject/logger": "^5.6.0",
        "@ethersproject/networks": "^5.6.3",
        "@ethersproject/properties": "^5.6.0",
        "@ethersproject/transactions": "^5.6.2",
        "@ethersproject/web": "^5.6.1"
      }
    },
    "@ethersproject/abstract-signer": {
      "version": "5.6.2",
      "requires": {
        "@ethersproject/abstract-provider": "^5.6.1",
        "@ethersproject/bignumber": "^5.6.2",
        "@ethersproject/bytes": "^5.6.1",
        "@ethersproject/logger": "^5.6.0",
        "@ethersproject/properties": "^5.6.0"
      }
    },
    "@ethersproject/address": {
      "version": "5.6.1",
      "requires": {
        "@ethersproject/bignumber": "^5.6.2",
        "@ethersproject/bytes": "^5.6.1",
        "@ethersproject/keccak256": "^5.6.1",
        "@ethersproject/logger": "^5.6.0",
        "@ethersproject/rlp": "^5.6.1"
      }
    },
    "@ethersproject/base64": {
      "version": "5.6.1",
      "requires": {
        "@ethersproject/bytes": "^5.6.1"
      }
    },
    "@ethersproject/basex": {
      "version": "5.6.1",
      "requires": {
        "@ethersproject/bytes": "^5.6.1",
        "@ethersproject/properties": "^5.6.0"
      }
    },
    "@ethersproject/bignumber": {
      "version": "5.6.2",
      "requires": {
        "@ethersproject/bytes": "^5.6.1",
        "@ethersproject/logger": "^5.6.0",
        "bn.js": "^5.2.1"
      }
    },
    "@ethersproject/bytes": {
      "version": "5.6.1",
      "requires": {
        "@ethersproject/logger": "^5.6.0"
      }
    },
    "@ethersproject/constants": {
      "version": "5.6.1",
      "requires": {
        "@ethersproject/bignumber": "^5.6.2"
      }
    },
    "@ethersproject/contracts": {
      "version": "5.6.2",
      "requires": {
        "@ethersproject/abi": "^5.6.3",
        "@ethersproject/abstract-provider": "^5.6.1",
        "@ethersproject/abstract-signer": "^5.6.2",
        "@ethersproject/address": "^5.6.1",
        "@ethersproject/bignumber": "^5.6.2",
        "@ethersproject/bytes": "^5.6.1",
        "@ethersproject/constants": "^5.6.1",
        "@ethersproject/logger": "^5.6.0",
        "@ethersproject/properties": "^5.6.0",
        "@ethersproject/transactions": "^5.6.2"
      }
    },
    "@ethersproject/hash": {
      "version": "5.6.1",
      "requires": {
        "@ethersproject/abstract-signer": "^5.6.2",
        "@ethersproject/address": "^5.6.1",
        "@ethersproject/bignumber": "^5.6.2",
        "@ethersproject/bytes": "^5.6.1",
        "@ethersproject/keccak256": "^5.6.1",
        "@ethersproject/logger": "^5.6.0",
        "@ethersproject/properties": "^5.6.0",
        "@ethersproject/strings": "^5.6.1"
      }
    },
    "@ethersproject/hdnode": {
      "version": "5.6.2",
      "requires": {
        "@ethersproject/abstract-signer": "^5.6.2",
        "@ethersproject/basex": "^5.6.1",
        "@ethersproject/bignumber": "^5.6.2",
        "@ethersproject/bytes": "^5.6.1",
        "@ethersproject/logger": "^5.6.0",
        "@ethersproject/pbkdf2": "^5.6.1",
        "@ethersproject/properties": "^5.6.0",
        "@ethersproject/sha2": "^5.6.1",
        "@ethersproject/signing-key": "^5.6.2",
        "@ethersproject/strings": "^5.6.1",
        "@ethersproject/transactions": "^5.6.2",
        "@ethersproject/wordlists": "^5.6.1"
      }
    },
    "@ethersproject/json-wallets": {
      "version": "5.6.1",
      "requires": {
        "@ethersproject/abstract-signer": "^5.6.2",
        "@ethersproject/address": "^5.6.1",
        "@ethersproject/bytes": "^5.6.1",
        "@ethersproject/hdnode": "^5.6.2",
        "@ethersproject/keccak256": "^5.6.1",
        "@ethersproject/logger": "^5.6.0",
        "@ethersproject/pbkdf2": "^5.6.1",
        "@ethersproject/properties": "^5.6.0",
        "@ethersproject/random": "^5.6.1",
        "@ethersproject/strings": "^5.6.1",
        "@ethersproject/transactions": "^5.6.2",
        "aes-js": "3.0.0",
        "scrypt-js": "3.0.1"
      }
    },
    "@ethersproject/keccak256": {
      "version": "5.6.1",
      "requires": {
        "@ethersproject/bytes": "^5.6.1",
        "js-sha3": "0.8.0"
      }
    },
    "@ethersproject/logger": {
      "version": "5.6.0"
    },
    "@ethersproject/networks": {
      "version": "5.6.3",
      "requires": {
        "@ethersproject/logger": "^5.6.0"
      }
    },
    "@ethersproject/pbkdf2": {
      "version": "5.6.1",
      "requires": {
        "@ethersproject/bytes": "^5.6.1",
        "@ethersproject/sha2": "^5.6.1"
      }
    },
    "@ethersproject/properties": {
      "version": "5.6.0",
      "requires": {
        "@ethersproject/logger": "^5.6.0"
      }
    },
    "@ethersproject/providers": {
      "version": "5.6.8",
      "requires": {
        "@ethersproject/abstract-provider": "^5.6.1",
        "@ethersproject/abstract-signer": "^5.6.2",
        "@ethersproject/address": "^5.6.1",
        "@ethersproject/base64": "^5.6.1",
        "@ethersproject/basex": "^5.6.1",
        "@ethersproject/bignumber": "^5.6.2",
        "@ethersproject/bytes": "^5.6.1",
        "@ethersproject/constants": "^5.6.1",
        "@ethersproject/hash": "^5.6.1",
        "@ethersproject/logger": "^5.6.0",
        "@ethersproject/networks": "^5.6.3",
        "@ethersproject/properties": "^5.6.0",
        "@ethersproject/random": "^5.6.1",
        "@ethersproject/rlp": "^5.6.1",
        "@ethersproject/sha2": "^5.6.1",
        "@ethersproject/strings": "^5.6.1",
        "@ethersproject/transactions": "^5.6.2",
        "@ethersproject/web": "^5.6.1",
        "bech32": "1.1.4",
        "ws": "7.4.6"
      }
    },
    "@ethersproject/random": {
      "version": "5.6.1",
      "requires": {
        "@ethersproject/bytes": "^5.6.1",
        "@ethersproject/logger": "^5.6.0"
      }
    },
    "@ethersproject/rlp": {
      "version": "5.6.1",
      "requires": {
        "@ethersproject/bytes": "^5.6.1",
        "@ethersproject/logger": "^5.6.0"
      }
    },
    "@ethersproject/sha2": {
      "version": "5.6.1",
      "requires": {
        "@ethersproject/bytes": "^5.6.1",
        "@ethersproject/logger": "^5.6.0",
        "hash.js": "1.1.7"
      }
    },
    "@ethersproject/signing-key": {
      "version": "5.6.2",
      "requires": {
        "@ethersproject/bytes": "^5.6.1",
        "@ethersproject/logger": "^5.6.0",
        "@ethersproject/properties": "^5.6.0",
        "bn.js": "^5.2.1",
        "elliptic": "6.5.4",
        "hash.js": "1.1.7"
      }
    },
    "@ethersproject/solidity": {
      "version": "5.6.1",
      "requires": {
        "@ethersproject/bignumber": "^5.6.2",
        "@ethersproject/bytes": "^5.6.1",
        "@ethersproject/keccak256": "^5.6.1",
        "@ethersproject/logger": "^5.6.0",
        "@ethersproject/sha2": "^5.6.1",
        "@ethersproject/strings": "^5.6.1"
      }
    },
    "@ethersproject/strings": {
      "version": "5.6.1",
      "requires": {
        "@ethersproject/bytes": "^5.6.1",
        "@ethersproject/constants": "^5.6.1",
        "@ethersproject/logger": "^5.6.0"
      }
    },
    "@ethersproject/transactions": {
      "version": "5.6.2",
      "requires": {
        "@ethersproject/address": "^5.6.1",
        "@ethersproject/bignumber": "^5.6.2",
        "@ethersproject/bytes": "^5.6.1",
        "@ethersproject/constants": "^5.6.1",
        "@ethersproject/keccak256": "^5.6.1",
        "@ethersproject/logger": "^5.6.0",
        "@ethersproject/properties": "^5.6.0",
        "@ethersproject/rlp": "^5.6.1",
        "@ethersproject/signing-key": "^5.6.2"
      }
    },
    "@ethersproject/units": {
      "version": "5.6.1",
      "requires": {
        "@ethersproject/bignumber": "^5.6.2",
        "@ethersproject/constants": "^5.6.1",
        "@ethersproject/logger": "^5.6.0"
      }
    },
    "@ethersproject/wallet": {
      "version": "5.6.2",
      "requires": {
        "@ethersproject/abstract-provider": "^5.6.1",
        "@ethersproject/abstract-signer": "^5.6.2",
        "@ethersproject/address": "^5.6.1",
        "@ethersproject/bignumber": "^5.6.2",
        "@ethersproject/bytes": "^5.6.1",
        "@ethersproject/hash": "^5.6.1",
        "@ethersproject/hdnode": "^5.6.2",
        "@ethersproject/json-wallets": "^5.6.1",
        "@ethersproject/keccak256": "^5.6.1",
        "@ethersproject/logger": "^5.6.0",
        "@ethersproject/properties": "^5.6.0",
        "@ethersproject/random": "^5.6.1",
        "@ethersproject/signing-key": "^5.6.2",
        "@ethersproject/transactions": "^5.6.2",
        "@ethersproject/wordlists": "^5.6.1"
      }
    },
    "@ethersproject/web": {
      "version": "5.6.1",
      "requires": {
        "@ethersproject/base64": "^5.6.1",
        "@ethersproject/bytes": "^5.6.1",
        "@ethersproject/logger": "^5.6.0",
        "@ethersproject/properties": "^5.6.0",
        "@ethersproject/strings": "^5.6.1"
      }
    },
    "@ethersproject/wordlists": {
      "version": "5.6.1",
      "requires": {
        "@ethersproject/bytes": "^5.6.1",
        "@ethersproject/hash": "^5.6.1",
        "@ethersproject/logger": "^5.6.0",
        "@ethersproject/properties": "^5.6.0",
        "@ethersproject/strings": "^5.6.1"
      }
    },
    "aes-js": {
      "version": "3.0.0"
    },
    "asynckit": {
      "version": "0.4.0",
      "resolved": "https://registry.npmjs.org/asynckit/-/asynckit-0.4.0.tgz",
      "integrity": "sha512-Oei9OH4tRh0YqU3GxhX79dM/mwVgvbZJaSNaRk+bshkj0S5cfHcgYakreBjrHwatXKbz+IoIdYLxrKim2MjW0Q=="
    },
    "axios": {
      "version": "0.27.2",
      "resolved": "https://registry.npmjs.org/axios/-/axios-0.27.2.tgz",
      "integrity": "sha512-t+yRIyySRTp/wua5xEr+z1q60QmLq8ABsS5O9Me1AsE5dfKqgnCFzwiCZZ/cGNd1lq4/7akDWMxdhVlucjmnOQ==",
      "requires": {
        "follow-redirects": "^1.14.9",
        "form-data": "^4.0.0"
      }
    },
    "bech32": {
      "version": "1.1.4"
    },
    "bn.js": {
      "version": "5.2.1"
    },
    "brorand": {
      "version": "1.1.0"
    },
    "combined-stream": {
      "version": "1.0.8",
      "resolved": "https://registry.npmjs.org/combined-stream/-/combined-stream-1.0.8.tgz",
      "integrity": "sha512-FQN4MRfuJeHf7cBbBMJFXhKSDq+2kAArBlmRBvcvFE5BB1HZKXtSFASDhdlz9zOYwxh8lDdnvmMOe/+5cdoEdg==",
      "requires": {
        "delayed-stream": "~1.0.0"
      }
    },
    "delayed-stream": {
      "version": "1.0.0",
      "resolved": "https://registry.npmjs.org/delayed-stream/-/delayed-stream-1.0.0.tgz",
      "integrity": "sha1-3zrhmayt+31ECqrgsp4icrJOxhk="
    },
    "elliptic": {
      "version": "6.5.4",
      "requires": {
        "bn.js": "^4.11.9",
        "brorand": "^1.1.0",
        "hash.js": "^1.0.0",
        "hmac-drbg": "^1.0.1",
        "inherits": "^2.0.4",
        "minimalistic-assert": "^1.0.1",
        "minimalistic-crypto-utils": "^1.0.1"
      },
      "dependencies": {
        "bn.js": {
          "version": "4.12.0"
        }
      }
    },
    "ethereum-sanction-check": {
      "version": "1.0.0",
      "resolved": "https://registry.npmjs.org/ethereum-sanction-check/-/ethereum-sanction-check-1.0.0.tgz",
      "integrity": "sha512-K3+Lhk/S1ieZ+KiFtzp3DznEHGZgecFL8k/o7GNXGQs16MeZR1kk5SEHaJW4RyqQkUspQmlNk9Gknz8idZFhrw==",
      "dev": true,
      "requires": {
        "axios": "^0.27.2",
        "ethers": "^5.6.8"
      }
    },
    "ethers": {
      "version": "5.6.8",
      "resolved": "https://registry.npmjs.org/ethers/-/ethers-5.6.8.tgz",
      "integrity": "sha512-YxIGaltAOdvBFPZwIkyHnXbW40f1r8mHUgapW6dxkO+6t7H6wY8POUn0Kbxrd/N7I4hHxyi7YCddMAH/wmho2w==",
      "requires": {
        "@ethersproject/abi": "5.6.3",
        "@ethersproject/abstract-provider": "5.6.1",
        "@ethersproject/abstract-signer": "5.6.2",
        "@ethersproject/address": "5.6.1",
        "@ethersproject/base64": "5.6.1",
        "@ethersproject/basex": "5.6.1",
        "@ethersproject/bignumber": "5.6.2",
        "@ethersproject/bytes": "5.6.1",
        "@ethersproject/constants": "5.6.1",
        "@ethersproject/contracts": "5.6.2",
        "@ethersproject/hash": "5.6.1",
        "@ethersproject/hdnode": "5.6.2",
        "@ethersproject/json-wallets": "5.6.1",
        "@ethersproject/keccak256": "5.6.1",
        "@ethersproject/logger": "5.6.0",
        "@ethersproject/networks": "5.6.3",
        "@ethersproject/pbkdf2": "5.6.1",
        "@ethersproject/properties": "5.6.0",
        "@ethersproject/providers": "5.6.8",
        "@ethersproject/random": "5.6.1",
        "@ethersproject/rlp": "5.6.1",
        "@ethersproject/sha2": "5.6.1",
        "@ethersproject/signing-key": "5.6.2",
        "@ethersproject/solidity": "5.6.1",
        "@ethersproject/strings": "5.6.1",
        "@ethersproject/transactions": "5.6.2",
        "@ethersproject/units": "5.6.1",
        "@ethersproject/wallet": "5.6.2",
        "@ethersproject/web": "5.6.1",
        "@ethersproject/wordlists": "5.6.1"
      }
    },
    "follow-redirects": {
      "version": "1.15.1",
      "resolved": "https://registry.npmjs.org/follow-redirects/-/follow-redirects-1.15.1.tgz",
      "integrity": "sha512-yLAMQs+k0b2m7cVxpS1VKJVvoz7SS9Td1zss3XRwXj+ZDH00RJgnuLx7E44wx02kQLrdM3aOOy+FpzS7+8OizA=="
    },
    "form-data": {
      "version": "4.0.0",
      "resolved": "https://registry.npmjs.org/form-data/-/form-data-4.0.0.tgz",
      "integrity": "sha512-ETEklSGi5t0QMZuiXoA/Q6vcnxcLQP5vdugSpuAyi6SVGi2clPPp+xgEhuMaHC+zGgn31Kd235W35f7Hykkaww==",
      "requires": {
        "asynckit": "^0.4.0",
        "combined-stream": "^1.0.8",
        "mime-types": "^2.1.12"
      }
    },
    "hash.js": {
      "version": "1.1.7",
      "requires": {
        "inherits": "^2.0.3",
        "minimalistic-assert": "^1.0.1"
      }
    },
    "hmac-drbg": {
      "version": "1.0.1",
      "requires": {
        "hash.js": "^1.0.3",
        "minimalistic-assert": "^1.0.0",
        "minimalistic-crypto-utils": "^1.0.1"
      }
    },
    "inherits": {
      "version": "2.0.4"
    },
    "js-sha3": {
      "version": "0.8.0"
    },
    "mime-db": {
      "version": "1.52.0",
      "resolved": "https://registry.npmjs.org/mime-db/-/mime-db-1.52.0.tgz",
      "integrity": "sha512-sPU4uV7dYlvtWJxwwxHD0PuihVNiE7TyAbQ5SWxDCB9mUYvOgroQOwYQQOKPJ8CIbE+1ETVlOoK1UC2nU3gYvg=="
    },
    "mime-types": {
      "version": "2.1.35",
      "resolved": "https://registry.npmjs.org/mime-types/-/mime-types-2.1.35.tgz",
      "integrity": "sha512-ZDY+bPm5zTTF+YpCrAU9nK0UgICYPT0QtT1NZWFv4s++TNkcgVaT0g6+4R2uI4MjQjzysHB1zxuWL50hzaeXiw==",
      "requires": {
        "mime-db": "1.52.0"
      }
    },
    "minimalistic-assert": {
      "version": "1.0.1"
    },
    "minimalistic-crypto-utils": {
      "version": "1.0.1"
    },
    "scrypt-js": {
      "version": "3.0.1"
    },
    "ws": {
      "version": "7.4.6",
      "requires": {}
    }
  }
}
